// !$*UTF8*$!
{
	archiveVersion = 1;
	classes = {
	};
	objectVersion = 77;
	objects = {

/* Begin PBXContainerItemProxy section */
		D78F8CA22E8EEA49008FEE32 /* PBXContainerItemProxy */ = {
			isa = PBXContainerItemProxy;
			containerPortal = D78F8C8C2E8EEA49008FEE32 /* Project object */;
			proxyType = 1;
			remoteGlobalIDString = D78F8C932E8EEA49008FEE32;
			remoteInfo = "Office Space Locator";
		};
		D78F8CAC2E8EEA49008FEE32 /* PBXContainerItemProxy */ = {
			isa = PBXContainerItemProxy;
			containerPortal = D78F8C8C2E8EEA49008FEE32 /* Project object */;
			proxyType = 1;
			remoteGlobalIDString = D78F8C932E8EEA49008FEE32;
			remoteInfo = "Office Space Locator";
		};
/* End PBXContainerItemProxy section */

/* Begin PBXFileReference section */
		D78F8C942E8EEA49008FEE32 /* Office Space Locator.app */ = {isa = PBXFileReference; explicitFileType = wrapper.application; includeInIndex = 0; path = "Office Space Locator.app"; sourceTree = BUILT_PRODUCTS_DIR; };
		D78F8CA12E8EEA49008FEE32 /* Office Space LocatorTests.xctest */ = {isa = PBXFileReference; explicitFileType = wrapper.cfbundle; includeInIndex = 0; path = "Office Space LocatorTests.xctest"; sourceTree = BUILT_PRODUCTS_DIR; };
		D78F8CAB2E8EEA49008FEE32 /* Office Space LocatorUITests.xctest */ = {isa = PBXFileReference; explicitFileType = wrapper.cfbundle; includeInIndex = 0; path = "Office Space LocatorUITests.xctest"; sourceTree = BUILT_PRODUCTS_DIR; };
/* End PBXFileReference section */

/* Begin PBXFileSystemSynchronizedRootGroup section */
		D78F8C962E8EEA49008FEE32 /* Office Space Locator */ = {
			isa = PBXFileSystemSynchronizedRootGroup;
			path = "Office Space Locator";
			sourceTree = "<group>";
		};
		D78F8CA42E8EEA49008FEE32 /* Office Space LocatorTests */ = {
			isa = PBXFileSystemSynchronizedRootGroup;
			path = "Office Space LocatorTests";
			sourceTree = "<group>";
		};
		D78F8CAE2E8EEA49008FEE32 /* Office Space LocatorUITests */ = {
			isa = PBXFileSystemSynchronizedRootGroup;
			path = "Office Space LocatorUITests";
			sourceTree = "<group>";
		};
/* End PBXFileSystemSynchronizedRootGroup section */

/* Begin PBXFrameworksBuildPhase section */
		D78F8C912E8EEA49008FEE32 /* Frameworks */ = {
			isa = PBXFrameworksBuildPhase;
			buildActionMask = 2147483647;
			files = (
			);
			runOnlyForDeploymentPostprocessing = 0;
		};
		D78F8C9E2E8EEA49008FEE32 /* Frameworks */ = {
			isa = PBXFrameworksBuildPhase;
			buildActionMask = 2147483647;
			files = (
			);
			runOnlyForDeploymentPostprocessing = 0;
		};
		D78F8CA82E8EEA49008FEE32 /* Frameworks */ = {
			isa = PBXFrameworksBuildPhase;
			buildActionMask = 2147483647;
			files = (
			);
			runOnlyForDeploymentPostprocessing = 0;
		};
/* End PBXFrameworksBuildPhase section */

/* Begin PBXGroup section */
		D78F8C8B2E8EEA49008FEE32 = {
			isa = PBXGroup;
			children = (
				D78F8C962E8EEA49008FEE32 /* Office Space Locator */,
				D78F8CA42E8EEA49008FEE32 /* Office Space LocatorTests */,
				D78F8CAE2E8EEA49008FEE32 /* Office Space LocatorUITests */,
				D78F8C952E8EEA49008FEE32 /* Products */,
			);
			sourceTree = "<group>";
		};
		D78F8C952E8EEA49008FEE32 /* Products */ = {
			isa = PBXGroup;
			children = (
				D78F8C942E8EEA49008FEE32 /* Office Space Locator.app */,
				D78F8CA12E8EEA49008FEE32 /* Office Space LocatorTests.xctest */,
				D78F8CAB2E8EEA49008FEE32 /* Office Space LocatorUITests.xctest */,
			);
			name = Products;
			sourceTree = "<group>";
		};
/* End PBXGroup section */

/* Begin PBXNativeTarget section */
		D78F8C932E8EEA49008FEE32 /* Office Space Locator */ = {
			isa = PBXNativeTarget;
			buildConfigurationList = D78F8CB52E8EEA49008FEE32 /* Build configuration list for PBXNativeTarget "Office Space Locator" */;
			buildPhases = (
				D78F8C902E8EEA49008FEE32 /* Sources */,
				D78F8C912E8EEA49008FEE32 /* Frameworks */,
				D78F8C922E8EEA49008FEE32 /* Resources */,
			);
			buildRules = (
			);
			dependencies = (
			);
			fileSystemSynchronizedGroups = (
				D78F8C962E8EEA49008FEE32 /* Office Space Locator */,
			);
			name = "Office Space Locator";
			packageProductDependencies = (
			);
			productName = "Office Space Locator";
			productReference = D78F8C942E8EEA49008FEE32 /* Office Space Locator.app */;
			productType = "com.apple.product-type.application";
		};
		D78F8CA02E8EEA49008FEE32 /* Office Space LocatorTests */ = {
			isa = PBXNativeTarget;
			buildConfigurationList = D78F8CB82E8EEA49008FEE32 /* Build configuration list for PBXNativeTarget "Office Space LocatorTests" */;
			buildPhases = (
				D78F8C9D2E8EEA49008FEE32 /* Sources */,
				D78F8C9E2E8EEA49008FEE32 /* Frameworks */,
				D78F8C9F2E8EEA49008FEE32 /* Resources */,
			);
			buildRules = (
			);
			dependencies = (
				D78F8CA32E8EEA49008FEE32 /* PBXTargetDependency */,
			);
			fileSystemSynchronizedGroups = (
				D78F8CA42E8EEA49008FEE32 /* Office Space LocatorTests */,
			);
			name = "Office Space LocatorTests";
			packageProductDependencies = (
			);
			productName = "Office Space LocatorTests";
			productReference = D78F8CA12E8EEA49008FEE32 /* Office Space LocatorTests.xctest */;
			productType = "com.apple.product-type.bundle.unit-test";
		};
		D78F8CAA2E8EEA49008FEE32 /* Office Space LocatorUITests */ = {
			isa = PBXNativeTarget;
			buildConfigurationList = D78F8CBB2E8EEA49008FEE32 /* Build configuration list for PBXNativeTarget "Office Space LocatorUITests" */;
			buildPhases = (
				D78F8CA72E8EEA49008FEE32 /* Sources */,
				D78F8CA82E8EEA49008FEE32 /* Frameworks */,
				D78F8CA92E8EEA49008FEE32 /* Resources */,
			);
			buildRules = (
			);
			dependencies = (
				D78F8CAD2E8EEA49008FEE32 /* PBXTargetDependency */,
			);
			fileSystemSynchronizedGroups = (
				D78F8CAE2E8EEA49008FEE32 /* Office Space LocatorUITests */,
			);
			name = "Office Space LocatorUITests";
			packageProductDependencies = (
			);
			productName = "Office Space LocatorUITests";
			productReference = D78F8CAB2E8EEA49008FEE32 /* Office Space LocatorUITests.xctest */;
			productType = "com.apple.product-type.bundle.ui-testing";
		};
/* End PBXNativeTarget section */

/* Begin PBXProject section */
		D78F8C8C2E8EEA49008FEE32 /* Project object */ = {
			isa = PBXProject;
			attributes = {
				BuildIndependentTargetsInParallel = 1;
				LastSwiftUpdateCheck = 1630;
				LastUpgradeCheck = 1630;
				TargetAttributes = {
					D78F8C932E8EEA49008FEE32 = {
						CreatedOnToolsVersion = 16.3;
					};
					D78F8CA02E8EEA49008FEE32 = {
						CreatedOnToolsVersion = 16.3;
						TestTargetID = D78F8C932E8EEA49008FEE32;
					};
					D78F8CAA2E8EEA49008FEE32 = {
						CreatedOnToolsVersion = 16.3;
						TestTargetID = D78F8C932E8EEA49008FEE32;
					};
				};
			};
			buildConfigurationList = D78F8C8F2E8EEA49008FEE32 /* Build configuration list for PBXProject "Office Space Locator" */;
			developmentRegion = en;
			hasScannedForEncodings = 0;
			knownRegions = (
				en,
				Base,
			);
			mainGroup = D78F8C8B2E8EEA49008FEE32;
			minimizedProjectReferenceProxies = 1;
			preferredProjectObjectVersion = 77;
			productRefGroup = D78F8C952E8EEA49008FEE32 /* Products */;
			projectDirPath = "";
			projectRoot = "";
			targets = (
				D78F8C932E8EEA49008FEE32 /* Office Space Locator */,
				D78F8CA02E8EEA49008FEE32 /* Office Space LocatorTests */,
				D78F8CAA2E8EEA49008FEE32 /* Office Space LocatorUITests */,
			);
		};
/* End PBXProject section */

/* Begin PBXResourcesBuildPhase section */
		D78F8C922E8EEA49008FEE32 /* Resources */ = {
			isa = PBXResourcesBuildPhase;
			buildActionMask = 2147483647;
			files = (
			);
			runOnlyForDeploymentPostprocessing = 0;
		};
		D78F8C9F2E8EEA49008FEE32 /* Resources */ = {
			isa = PBXResourcesBuildPhase;
			buildActionMask = 2147483647;
			files = (
			);
			runOnlyForDeploymentPostprocessing = 0;
		};
		D78F8CA92E8EEA49008FEE32 /* Resources */ = {
			isa = PBXResourcesBuildPhase;
			buildActionMask = 2147483647;
			files = (
			);
			runOnlyForDeploymentPostprocessing = 0;
		};
/* End PBXResourcesBuildPhase section */

/* Begin PBXSourcesBuildPhase section */
		D78F8C902E8EEA49008FEE32 /* Sources */ = {
			isa = PBXSourcesBuildPhase;
			buildActionMask = 2147483647;
			files = (
			);
			runOnlyForDeploymentPostprocessing = 0;
		};
		D78F8C9D2E8EEA49008FEE32 /* Sources */ = {
			isa = PBXSourcesBuildPhase;
			buildActionMask = 2147483647;
			files = (
			);
			runOnlyForDeploymentPostprocessing = 0;
		};
		D78F8CA72E8EEA49008FEE32 /* Sources */ = {
			isa = PBXSourcesBuildPhase;
			buildActionMask = 2147483647;
			files = (
			);
			runOnlyForDeploymentPostprocessing = 0;
		};
/* End PBXSourcesBuildPhase section */

/* Begin PBXTargetDependency section */
		D78F8CA32E8EEA49008FEE32 /* PBXTargetDependency */ = {
			isa = PBXTargetDependency;
			target = D78F8C932E8EEA49008FEE32 /* Office Space Locator */;
			targetProxy = D78F8CA22E8EEA49008FEE32 /* PBXContainerItemProxy */;
		};
		D78F8CAD2E8EEA49008FEE32 /* PBXTargetDependency */ = {
			isa = PBXTargetDependency;
			target = D78F8C932E8EEA49008FEE32 /* Office Space Locator */;
			targetProxy = D78F8CAC2E8EEA49008FEE32 /* PBXContainerItemProxy */;
		};
/* End PBXTargetDependency section */

/* Begin XCBuildConfiguration section */
		D78F8CB32E8EEA49008FEE32 /* Debug */ = {
			isa = XCBuildConfiguration;
			buildSettings = {
				ALWAYS_SEARCH_USER_PATHS = NO;
				ASSETCATALOG_COMPILER_GENERATE_SWIFT_ASSET_SYMBOL_EXTENSIONS = YES;
				CLANG_ANALYZER_NONNULL = YES;
				CLANG_ANALYZER_NUMBER_OBJECT_CONVERSION = YES_AGGRESSIVE;
				CLANG_CXX_LANGUAGE_STANDARD = "gnu++20";
				CLANG_ENABLE_MODULES = YES;
				CLANG_ENABLE_OBJC_ARC = YES;
				CLANG_ENABLE_OBJC_WEAK = YES;
				CLANG_WARN_BLOCK_CAPTURE_AUTORELEASING = YES;
				CLANG_WARN_BOOL_CONVERSION = YES;
				CLANG_WARN_COMMA = YES;
				CLANG_WARN_CONSTANT_CONVERSION = YES;
				CLANG_WARN_DEPRECATED_OBJC_IMPLEMENTATIONS = YES;
				CLANG_WARN_DIRECT_OBJC_ISA_USAGE = YES_ERROR;
				CLANG_WARN_DOCUMENTATION_COMMENTS = YES;
				CLANG_WARN_EMPTY_BODY = YES;
				CLANG_WARN_ENUM_CONVERSION = YES;
				CLANG_WARN_INFINITE_RECURSION = YES;
				CLANG_WARN_INT_CONVERSION = YES;
				CLANG_WARN_NON_LITERAL_NULL_CONVERSION = YES;
				CLANG_WARN_OBJC_IMPLICIT_RETAIN_SELF = YES;
				CLANG_WARN_OBJC_LITERAL_CONVERSION = YES;
				CLANG_WARN_OBJC_ROOT_CLASS = YES_ERROR;
				CLANG_WARN_QUOTED_INCLUDE_IN_FRAMEWORK_HEADER = YES;
				CLANG_WARN_RANGE_LOOP_ANALYSIS = YES;
				CLANG_WARN_STRICT_PROTOTYPES = YES;
				CLANG_WARN_SUSPICIOUS_MOVE = YES;
				CLANG_WARN_UNGUARDED_AVAILABILITY = YES_AGGRESSIVE;
				CLANG_WARN_UNREACHABLE_CODE = YES;
				CLANG_WARN__DUPLICATE_METHOD_MATCH = YES;
				COPY_PHASE_STRIP = NO;
				DEBUG_INFORMATION_FORMAT = dwarf;
				ENABLE_STRICT_OBJC_MSGSEND = YES;
				ENABLE_TESTABILITY = YES;
				ENABLE_USER_SCRIPT_SANDBOXING = YES;
				GCC_C_LANGUAGE_STANDARD = gnu17;
				GCC_DYNAMIC_NO_PIC = NO;
				GCC_NO_COMMON_BLOCKS = YES;
				GCC_OPTIMIZATION_LEVEL = 0;
				GCC_PREPROCESSOR_DEFINITIONS = (
					"DEBUG=1",
					"$(inherited)",
				);
				GCC_WARN_64_TO_32_BIT_CONVERSION = YES;
				GCC_WARN_ABOUT_RETURN_TYPE = YES_ERROR;
				GCC_WARN_UNDECLARED_SELECTOR = YES;
				GCC_WARN_UNINITIALIZED_AUTOS = YES_AGGRESSIVE;
				GCC_WARN_UNUSED_FUNCTION = YES;
				GCC_WARN_UNUSED_VARIABLE = YES;
				IPHONEOS_DEPLOYMENT_TARGET = 18.4;
				LOCALIZATION_PREFERS_STRING_CATALOGS = YES;
				MTL_ENABLE_DEBUG_INFO = INCLUDE_SOURCE;
				MTL_FAST_MATH = YES;
				ONLY_ACTIVE_ARCH = YES;
				SDKROOT = iphoneos;
				SWIFT_ACTIVE_COMPILATION_CONDITIONS = "DEBUG $(inherited)";
				SWIFT_OPTIMIZATION_LEVEL = "-Onone";
			};
			name = Debug;
		};
		D78F8CB42E8EEA49008FEE32 /* Release */ = {
			isa = XCBuildConfiguration;
			buildSettings = {
				ALWAYS_SEARCH_USER_PATHS = NO;
				ASSETCATALOG_COMPILER_GENERATE_SWIFT_ASSET_SYMBOL_EXTENSIONS = YES;
				CLANG_ANALYZER_NONNULL = YES;
				CLANG_ANALYZER_NUMBER_OBJECT_CONVERSION = YES_AGGRESSIVE;
				CLANG_CXX_LANGUAGE_STANDARD = "gnu++20";
				CLANG_ENABLE_MODULES = YES;
				CLANG_ENABLE_OBJC_ARC = YES;
				CLANG_ENABLE_OBJC_WEAK = YES;
				CLANG_WARN_BLOCK_CAPTURE_AUTORELEASING = YES;
				CLANG_WARN_BOOL_CONVERSION = YES;
				CLANG_WARN_COMMA = YES;
				CLANG_WARN_CONSTANT_CONVERSION = YES;
				CLANG_WARN_DEPRECATED_OBJC_IMPLEMENTATIONS = YES;
				CLANG_WARN_DIRECT_OBJC_ISA_USAGE = YES_ERROR;
				CLANG_WARN_DOCUMENTATION_COMMENTS = YES;
				CLANG_WARN_EMPTY_BODY = YES;
				CLANG_WARN_ENUM_CONVERSION = YES;
				CLANG_WARN_INFINITE_RECURSION = YES;
				CLANG_WARN_INT_CONVERSION = YES;
				CLANG_WARN_NON_LITERAL_NULL_CONVERSION = YES;
				CLANG_WARN_OBJC_IMPLICIT_RETAIN_SELF = YES;
				CLANG_WARN_OBJC_LITERAL_CONVERSION = YES;
				CLANG_WARN_OBJC_ROOT_CLASS = YES_ERROR;
				CLANG_WARN_QUOTED_INCLUDE_IN_FRAMEWORK_HEADER = YES;
				CLANG_WARN_RANGE_LOOP_ANALYSIS = YES;
				CLANG_WARN_STRICT_PROTOTYPES = YES;
				CLANG_WARN_SUSPICIOUS_MOVE = YES;
				CLANG_WARN_UNGUARDED_AVAILABILITY = YES_AGGRESSIVE;
				CLANG_WARN_UNREACHABLE_CODE = YES;
				CLANG_WARN__DUPLICATE_METHOD_MATCH = YES;
				COPY_PHASE_STRIP = NO;
				DEBUG_INFORMATION_FORMAT = "dwarf-with-dsym";
				ENABLE_NS_ASSERTIONS = NO;
				ENABLE_STRICT_OBJC_MSGSEND = YES;
				ENABLE_USER_SCRIPT_SANDBOXING = YES;
				GCC_C_LANGUAGE_STANDARD = gnu17;
				GCC_NO_COMMON_BLOCKS = YES;
				GCC_WARN_64_TO_32_BIT_CONVERSION = YES;
				GCC_WARN_ABOUT_RETURN_TYPE = YES_ERROR;
				GCC_WARN_UNDECLARED_SELECTOR = YES;
				GCC_WARN_UNINITIALIZED_AUTOS = YES_AGGRESSIVE;
				GCC_WARN_UNUSED_FUNCTION = YES;
				GCC_WARN_UNUSED_VARIABLE = YES;
				IPHONEOS_DEPLOYMENT_TARGET = 18.4;
				LOCALIZATION_PREFERS_STRING_CATALOGS = YES;
				MTL_ENABLE_DEBUG_INFO = NO;
				MTL_FAST_MATH = YES;
				SDKROOT = iphoneos;
				SWIFT_COMPILATION_MODE = wholemodule;
				VALIDATE_PRODUCT = YES;
			};
			name = Release;
		};
		D78F8CB62E8EEA49008FEE32 /* Debug */ = {
			isa = XCBuildConfiguration;
			buildSettings = {
				ASSETCATALOG_COMPILER_APPICON_NAME = AppIcon;
				ASSETCATALOG_COMPILER_GLOBAL_ACCENT_COLOR_NAME = AccentColor;
				CODE_SIGN_STYLE = Automatic;
				CURRENT_PROJECT_VERSION = 1;
				ENABLE_PREVIEWS = YES;
				GENERATE_INFOPLIST_FILE = YES;
				INFOPLIST_KEY_UIApplicationSceneManifest_Generation = YES;
				INFOPLIST_KEY_UIApplicationSupportsIndirectInputEvents = YES;
				INFOPLIST_KEY_UILaunchScreen_Generation = YES;
				INFOPLIST_KEY_UISupportedInterfaceOrientations_iPad = "UIInterfaceOrientationPortrait UIInterfaceOrientationPortraitUpsideDown UIInterfaceOrientationLandscapeLeft UIInterfaceOrientationLandscapeRight";
				INFOPLIST_KEY_UISupportedInterfaceOrientations_iPhone = "UIInterfaceOrientationPortrait UIInterfaceOrientationLandscapeLeft UIInterfaceOrientationLandscapeRight";
				LD_RUNPATH_SEARCH_PATHS = (
					"$(inherited)",
					"@executable_path/Frameworks",
				);
				MARKETING_VERSION = 1.0;
				PRODUCT_BUNDLE_IDENTIFIER = "com.esther.Office-Space-Locator";
				PRODUCT_NAME = "$(TARGET_NAME)";
				SWIFT_EMIT_LOC_STRINGS = YES;
				SWIFT_VERSION = 5.0;
				TARGETED_DEVICE_FAMILY = "1,2";
			};
			name = Debug;
		};
		D78F8CB72E8EEA49008FEE32 /* Release */ = {
			isa = XCBuildConfiguration;
			buildSettings = {
				ASSETCATALOG_COMPILER_APPICON_NAME = AppIcon;
				ASSETCATALOG_COMPILER_GLOBAL_ACCENT_COLOR_NAME = AccentColor;
				CODE_SIGN_STYLE = Automatic;
				CURRENT_PROJECT_VERSION = 1;
				ENABLE_PREVIEWS = YES;
				GENERATE_INFOPLIST_FILE = YES;
				INFOPLIST_KEY_UIApplicationSceneManifest_Generation = YES;
				INFOPLIST_KEY_UIApplicationSupportsIndirectInputEvents = YES;
				INFOPLIST_KEY_UILaunchScreen_Generation = YES;
				INFOPLIST_KEY_UISupportedInterfaceOrientations_iPad = "UIInterfaceOrientationPortrait UIInterfaceOrientationPortraitUpsideDown UIInterfaceOrientationLandscapeLeft UIInterfaceOrientationLandscapeRight";
				INFOPLIST_KEY_UISupportedInterfaceOrientations_iPhone = "UIInterfaceOrientationPortrait UIInterfaceOrientationLandscapeLeft UIInterfaceOrientationLandscapeRight";
				LD_RUNPATH_SEARCH_PATHS = (
					"$(inherited)",
					"@executable_path/Frameworks",
				);
				MARKETING_VERSION = 1.0;
				PRODUCT_BUNDLE_IDENTIFIER = "com.esther.Office-Space-Locator";
				PRODUCT_NAME = "$(TARGET_NAME)";
				SWIFT_EMIT_LOC_STRINGS = YES;
				SWIFT_VERSION = 5.0;
				TARGETED_DEVICE_FAMILY = "1,2";
			};
			name = Release;
		};
		D78F8CB92E8EEA49008FEE32 /* Debug */ = {
			isa = XCBuildConfiguration;
			buildSettings = {
				BUNDLE_LOADER = "$(TEST_HOST)";
				CODE_SIGN_STYLE = Automatic;
				CURRENT_PROJECT_VERSION = 1;
				GENERATE_INFOPLIST_FILE = YES;
				IPHONEOS_DEPLOYMENT_TARGET = 18.4;
				MARKETING_VERSION = 1.0;
				PRODUCT_BUNDLE_IDENTIFIER = "com.esther.Office-Space-LocatorTests";
				PRODUCT_NAME = "$(TARGET_NAME)";
				SWIFT_EMIT_LOC_STRINGS = NO;
				SWIFT_VERSION = 5.0;
				TARGETED_DEVICE_FAMILY = "1,2";
				TEST_HOST = "$(BUILT_PRODUCTS_DIR)/Office Space Locator.app/$(BUNDLE_EXECUTABLE_FOLDER_PATH)/Office Space Locator";
			};
			name = Debug;
		};
		D78F8CBA2E8EEA49008FEE32 /* Release */ = {
			isa = XCBuildConfiguration;
			buildSettings = {
				BUNDLE_LOADER = "$(TEST_HOST)";
				CODE_SIGN_STYLE = Automatic;
				CURRENT_PROJECT_VERSION = 1;
				GENERATE_INFOPLIST_FILE = YES;
				IPHONEOS_DEPLOYMENT_TARGET = 18.4;
				MARKETING_VERSION = 1.0;
				PRODUCT_BUNDLE_IDENTIFIER = "com.esther.Office-Space-LocatorTests";
				PRODUCT_NAME = "$(TARGET_NAME)";
				SWIFT_EMIT_LOC_STRINGS = NO;
				SWIFT_VERSION = 5.0;
				TARGETED_DEVICE_FAMILY = "1,2";
				TEST_HOST = "$(BUILT_PRODUCTS_DIR)/Office Space Locator.app/$(BUNDLE_EXECUTABLE_FOLDER_PATH)/Office Space Locator";
			};
			name = Release;
		};
		D78F8CBC2E8EEA49008FEE32 /* Debug */ = {
			isa = XCBuildConfiguration;
			buildSettings = {
				CODE_SIGN_STYLE = Automatic;
				CURRENT_PROJECT_VERSION = 1;
				GENERATE_INFOPLIST_FILE = YES;
				MARKETING_VERSION = 1.0;
				PRODUCT_BUNDLE_IDENTIFIER = "com.esther.Office-Space-LocatorUITests";
				PRODUCT_NAME = "$(TARGET_NAME)";
				SWIFT_EMIT_LOC_STRINGS = NO;
				SWIFT_VERSION = 5.0;
				TARGETED_DEVICE_FAMILY = "1,2";
				TEST_TARGET_NAME = "Office Space Locator";
			};
			name = Debug;
		};
		D78F8CBD2E8EEA49008FEE32 /* Release */ = {
			isa = XCBuildConfiguration;
			buildSettings = {
				CODE_SIGN_STYLE = Automatic;
				CURRENT_PROJECT_VERSION = 1;
				GENERATE_INFOPLIST_FILE = YES;
				MARKETING_VERSION = 1.0;
				PRODUCT_BUNDLE_IDENTIFIER = "com.esther.Office-Space-LocatorUITests";
				PRODUCT_NAME = "$(TARGET_NAME)";
				SWIFT_EMIT_LOC_STRINGS = NO;
				SWIFT_VERSION = 5.0;
				TARGETED_DEVICE_FAMILY = "1,2";
				TEST_TARGET_NAME = "Office Space Locator";
			};
			name = Release;
		};
/* End XCBuildConfiguration section */

/* Begin XCConfigurationList section */
		D78F8C8F2E8EEA49008FEE32 /* Build configuration list for PBXProject "Office Space Locator" */ = {
			isa = XCConfigurationList;
			buildConfigurations = (
				D78F8CB32E8EEA49008FEE32 /* Debug */,
				D78F8CB42E8EEA49008FEE32 /* Release */,
			);
			defaultConfigurationIsVisible = 0;
			defaultConfigurationName = Release;
		};
		D78F8CB52E8EEA49008FEE32 /* Build configuration list for PBXNativeTarget "Office Space Locator" */ = {
			isa = XCConfigurationList;
			buildConfigurations = (
				D78F8CB62E8EEA49008FEE32 /* Debug */,
				D78F8CB72E8EEA49008FEE32 /* Release */,
			);
			defaultConfigurationIsVisible = 0;
			defaultConfigurationName = Release;
		};
		D78F8CB82E8EEA49008FEE32 /* Build configuration list for PBXNativeTarget "Office Space LocatorTests" */ = {
			isa = XCConfigurationList;
			buildConfigurations = (
				D78F8CB92E8EEA49008FEE32 /* Debug */,
				D78F8CBA2E8EEA49008FEE32 /* Release */,
			);
			defaultConfigurationIsVisible = 0;
			defaultConfigurationName = Release;
		};
		D78F8CBB2E8EEA49008FEE32 /* Build configuration list for PBXNativeTarget "Office Space LocatorUITests" */ = {
			isa = XCConfigurationList;
			buildConfigurations = (
				D78F8CBC2E8EEA49008FEE32 /* Debug */,
				D78F8CBD2E8EEA49008FEE32 /* Release */,
			);
			defaultConfigurationIsVisible = 0;
			defaultConfigurationName = Release;
		};
/* End XCConfigurationList section */
	};
	rootObject = D78F8C8C2E8EEA49008FEE32 /* Project object */;
}
